
Microsoft Visual Studio Solution File, Format Version 12.00
# Visual Studio Version 17
VisualStudioVersion = 17.5.33627.172
MinimumVisualStudioVersion = 10.0.40219.1
Project("{FAE04EC0-301F-11D3-BF4B-00C04F79EFBC}") = "FocalLengthAiming", "FocalLengthAiming\FocalLengthAiming.csproj", "{811E1991-4BFA-4FF6-A392-5D9EB4B3F350}"
EndProject
Project("{FAE04EC0-301F-11D3-BF4B-00C04F79EFBC}") = "ProperMagnification", "ProperMagnification\ProperMagnification.csproj", "{E57664CA-A9D4-4581-A467-368F7628FE0A}"
EndProject
Project("{FAE04EC0-301F-11D3-BF4B-00C04F79EFBC}") = "UnlockedByDefault", "UnlockedByDefault\UnlockedByDefault.csproj", "{FDEEF1C5-3331-484D-9937-71ACE0DE7726}"
EndProject
Global
	GlobalSection(SolutionConfigurationPlatforms) = preSolution
		Debug|Any CPU = Debug|Any CPU
		Release|Any CPU = Release|Any CPU
	EndGlobalSection
	GlobalSection(ProjectConfigurationPlatforms) = postSolution
		{811E1991-4BFA-4FF6-A392-5D9EB4B3F350}.Debug|Any CPU.ActiveCfg = Debug|Any CPU
		{811E1991-4BFA-4FF6-A392-5D9EB4B3F350}.Debug|Any CPU.Build.0 = Debug|Any CPU
		{811E1991-4BFA-4FF6-A392-5D9EB4B3F350}.Release|Any CPU.ActiveCfg = Release|Any CPU
		{811E1991-4BFA-4FF6-A392-5D9EB4B3F350}.Release|Any CPU.Build.0 = Release|Any CPU
		{E57664CA-A9D4-4581-A467-368F7628FE0A}.Debug|Any CPU.ActiveCfg = Debug|Any CPU
		{E57664CA-A9D4-4581-A467-368F7628FE0A}.Debug|Any CPU.Build.0 = Debug|Any CPU
		{E57664CA-A9D4-4581-A467-368F7628FE0A}.Release|Any CPU.ActiveCfg = Release|Any CPU
		{E57664CA-A9D4-4581-A467-368F7628FE0A}.Release|Any CPU.Build.0 = Release|Any CPU
		{FDEEF1C5-3331-484D-9937-71ACE0DE7726}.Debug|Any CPU.ActiveCfg = Debug|Any CPU
		{FDEEF1C5-3331-484D-9937-71ACE0DE7726}.Debug|Any CPU.Build.0 = Debug|Any CPU
		{FDEEF1C5-3331-484D-9937-71ACE0DE7726}.Release|Any CPU.ActiveCfg = Release|Any CPU
		{FDEEF1C5-3331-484D-9937-71ACE0DE7726}.Release|Any CPU.Build.0 = Release|Any CPU
	EndGlobalSection
	GlobalSection(SolutionProperties) = preSolution
		HideSolutionNode = FALSE
	EndGlobalSection
	GlobalSection(ExtensibilityGlobals) = postSolution
		SolutionGuid = {4B3E2DEC-28D2-4CD6-A369-C4BE1FF98941}
	EndGlobalSection
EndGlobal
